// !$*UTF8*$!
{
	archiveVersion = 1;
	classes = {
	};
	objectVersion = 56;
	objects = {

/* Begin PBXBuildFile section */
		9A0F2B902A493837003E35EA /* NumbersList.swift in Sources */ = {isa = PBXBuildFile; fileRef = 9A0F2B8F2A493837003E35EA /* NumbersList.swift */; };
		9A1F9CEC2A536B3400A9BE7A /* People.swift in Sources */ = {isa = PBXBuildFile; fileRef = 9A1F9CEB2A536B3400A9BE7A /* People.swift */; };
		9A1F9CF52A53EFFC00A9BE7A /* PeoplesViewModel.swift in Sources */ = {isa = PBXBuildFile; fileRef = 9A1F9CF42A53EFFC00A9BE7A /* PeoplesViewModel.swift */; };
		9A1F9CF72A53F07100A9BE7A /* HintView.swift in Sources */ = {isa = PBXBuildFile; fileRef = 9A1F9CF62A53F07100A9BE7A /* HintView.swift */; };
		9A1F9CF92A53F0BC00A9BE7A /* PeopleView.swift in Sources */ = {isa = PBXBuildFile; fileRef = 9A1F9CF82A53F0BC00A9BE7A /* PeopleView.swift */; };
		9A1F9CFB2A54253600A9BE7A /* Class46ForEachWithIdentifiers.swift in Sources */ = {isa = PBXBuildFile; fileRef = 9A1F9CFA2A54253600A9BE7A /* Class46ForEachWithIdentifiers.swift */; };
		9A1F9CFE2A542BB400A9BE7A /* PersonForEachView.swift in Sources */ = {isa = PBXBuildFile; fileRef = 9A1F9CFD2A542BB400A9BE7A /* PersonForEachView.swift */; };
		9A1F9D002A54373800A9BE7A /* Class48ScrollViewReader.swift in Sources */ = {isa = PBXBuildFile; fileRef = 9A1F9CFF2A54373800A9BE7A /* Class48ScrollViewReader.swift */; };
		9A1F9D022A54710C00A9BE7A /* Class50LazyList.swift in Sources */ = {isa = PBXBuildFile; fileRef = 9A1F9D012A54710C00A9BE7A /* Class50LazyList.swift */; };
		9A2B45E22A39C6EC00123E06 /* Class23OpeningLinks.swift in Sources */ = {isa = PBXBuildFile; fileRef = 9A2B45E12A39C6EC00123E06 /* Class23OpeningLinks.swift */; };
		9A2B45E42A39D3BB00123E06 /* Class24Labels.swift in Sources */ = {isa = PBXBuildFile; fileRef = 9A2B45E32A39D3BB00123E06 /* Class24Labels.swift */; };
		9A2B45E72A39DC1E00123E06 /* Label+CapsuleStyle.swift in Sources */ = {isa = PBXBuildFile; fileRef = 9A2B45E62A39DC1E00123E06 /* Label+CapsuleStyle.swift */; };
		9A2B45E92A39E6C400123E06 /* Class25Padding.swift in Sources */ = {isa = PBXBuildFile; fileRef = 9A2B45E82A39E6C400123E06 /* Class25Padding.swift */; };
		9A2B45EB2A3CAF6F00123E06 /* Class26Spinner.swift in Sources */ = {isa = PBXBuildFile; fileRef = 9A2B45EA2A3CAF6F00123E06 /* Class26Spinner.swift */; };
		9A2B45EE2A3CC14C00123E06 /* ProgreesView+Rounded.swift in Sources */ = {isa = PBXBuildFile; fileRef = 9A2B45ED2A3CC14C00123E06 /* ProgreesView+Rounded.swift */; };
		9A2B45F02A3DE27300123E06 /* Class27ToggleCheckBox.swift in Sources */ = {isa = PBXBuildFile; fileRef = 9A2B45EF2A3DE27300123E06 /* Class27ToggleCheckBox.swift */; };
		9A2E7A232A38C48B00F36DD2 /* Class21Divider.swift in Sources */ = {isa = PBXBuildFile; fileRef = 9A2E7A222A38C48B00F36DD2 /* Class21Divider.swift */; };
		9A2E7A252A38C66A00F36DD2 /* Class22ColorPicker.swift in Sources */ = {isa = PBXBuildFile; fileRef = 9A2E7A242A38C66A00F36DD2 /* Class22ColorPicker.swift */; };
		9A4374092A3482470065A609 /* PeopleViewModel.swift in Sources */ = {isa = PBXBuildFile; fileRef = 9A4374082A3482470065A609 /* PeopleViewModel.swift */; };
		9A43740E2A34BDF90065A609 /* Class17EnviromentObject.swift in Sources */ = {isa = PBXBuildFile; fileRef = 9A43740D2A34BDF90065A609 /* Class17EnviromentObject.swift */; };
		9A4374112A34BE350065A609 /* PurchaseView.swift in Sources */ = {isa = PBXBuildFile; fileRef = 9A4374102A34BE350065A609 /* PurchaseView.swift */; };
		9A4374132A34BF8B0065A609 /* PurchaseStateView.swift in Sources */ = {isa = PBXBuildFile; fileRef = 9A4374122A34BF8B0065A609 /* PurchaseStateView.swift */; };
		9A4374172A34C2B00065A609 /* PurchaseViewModel.swift in Sources */ = {isa = PBXBuildFile; fileRef = 9A4374162A34C2B00065A609 /* PurchaseViewModel.swift */; };
		9A4374192A3886530065A609 /* PurchaseStatusView.swift in Sources */ = {isa = PBXBuildFile; fileRef = 9A4374182A3886530065A609 /* PurchaseStatusView.swift */; };
		9A43741E2A389A860065A609 /* LoginView.swift in Sources */ = {isa = PBXBuildFile; fileRef = 9A43741D2A389A850065A609 /* LoginView.swift */; };
		9A4374202A389BAB0065A609 /* LoggedInView.swift in Sources */ = {isa = PBXBuildFile; fileRef = 9A43741F2A389BAB0065A609 /* LoggedInView.swift */; };
		9A4374222A389C450065A609 /* LogInViewModel.swift in Sources */ = {isa = PBXBuildFile; fileRef = 9A4374212A389C450065A609 /* LogInViewModel.swift */; };
		9A4374242A38A0CD0065A609 /* Content18.swift in Sources */ = {isa = PBXBuildFile; fileRef = 9A4374232A38A0CD0065A609 /* Content18.swift */; };
		9A4FB2642A24D4E8009E0D5E /* ClassFourGradient.swift in Sources */ = {isa = PBXBuildFile; fileRef = 9A4FB2632A24D4E8009E0D5E /* ClassFourGradient.swift */; };
		9A4FB2662A24F97C009E0D5E /* ClassFiveShapes.swift in Sources */ = {isa = PBXBuildFile; fileRef = 9A4FB2652A24F97C009E0D5E /* ClassFiveShapes.swift */; };
		9A4FB2682A2500E4009E0D5E /* ClassSixBorder.swift in Sources */ = {isa = PBXBuildFile; fileRef = 9A4FB2672A2500E4009E0D5E /* ClassSixBorder.swift */; };
		9A4FB26A2A250407009E0D5E /* ClassSevenOffsetAlignEtc.swift in Sources */ = {isa = PBXBuildFile; fileRef = 9A4FB2692A250407009E0D5E /* ClassSevenOffsetAlignEtc.swift */; };
		9A4FB26C2A27B1BE009E0D5E /* ClassEightState.swift in Sources */ = {isa = PBXBuildFile; fileRef = 9A4FB26B2A27B1BE009E0D5E /* ClassEightState.swift */; };
		9A4FB26E2A28ACF2009E0D5E /* Class15PassingState.swift in Sources */ = {isa = PBXBuildFile; fileRef = 9A4FB26D2A28ACF2009E0D5E /* Class15PassingState.swift */; };
		9A4FB2702A28ADDB009E0D5E /* CostomLoadingView.swift in Sources */ = {isa = PBXBuildFile; fileRef = 9A4FB26F2A28ADDB009E0D5E /* CostomLoadingView.swift */; };
		9A4FB2722A28B047009E0D5E /* Class16Observable.swift in Sources */ = {isa = PBXBuildFile; fileRef = 9A4FB2712A28B047009E0D5E /* Class16Observable.swift */; };
		9A72FC132A3F6F41003BEEBB /* Toogle+CheckBoxStyle.swift in Sources */ = {isa = PBXBuildFile; fileRef = 9A72FC122A3F6F41003BEEBB /* Toogle+CheckBoxStyle.swift */; };
		9A72FC152A3F71E2003BEEBB /* Class28Spacer.swift in Sources */ = {isa = PBXBuildFile; fileRef = 9A72FC142A3F71E2003BEEBB /* Class28Spacer.swift */; };
		9A72FC172A3F74A0003BEEBB /* Class29Stepper.swift in Sources */ = {isa = PBXBuildFile; fileRef = 9A72FC162A3F74A0003BEEBB /* Class29Stepper.swift */; };
		9A72FC192A3FBCD3003BEEBB /* Class30Buttons.swift in Sources */ = {isa = PBXBuildFile; fileRef = 9A72FC182A3FBCD3003BEEBB /* Class30Buttons.swift */; };
		9A72FC1B2A408D75003BEEBB /* Button+SendStyle.swift in Sources */ = {isa = PBXBuildFile; fileRef = 9A72FC1A2A408D75003BEEBB /* Button+SendStyle.swift */; };
		9A72FC1D2A408FC7003BEEBB /* SendButton.swift in Sources */ = {isa = PBXBuildFile; fileRef = 9A72FC1C2A408FC7003BEEBB /* SendButton.swift */; };
		9A72FC1F2A40AD96003BEEBB /* Class31NewButton.swift in Sources */ = {isa = PBXBuildFile; fileRef = 9A72FC1E2A40AD96003BEEBB /* Class31NewButton.swift */; };
		9A72FC212A40B8F5003BEEBB /* Class32TabView.swift in Sources */ = {isa = PBXBuildFile; fileRef = 9A72FC202A40B8F5003BEEBB /* Class32TabView.swift */; };
		9A72FC242A40BAD0003BEEBB /* ScreenOne.swift in Sources */ = {isa = PBXBuildFile; fileRef = 9A72FC232A40BAD0003BEEBB /* ScreenOne.swift */; };
		9A72FC262A40BB3A003BEEBB /* ScreenTwo.swift in Sources */ = {isa = PBXBuildFile; fileRef = 9A72FC252A40BB3A003BEEBB /* ScreenTwo.swift */; };
		9A72FC282A4161D6003BEEBB /* Class33DatePicker.swift in Sources */ = {isa = PBXBuildFile; fileRef = 9A72FC272A4161D6003BEEBB /* Class33DatePicker.swift */; };
		9A72FC2C2A4169D4003BEEBB /* Class34TextFields.swift in Sources */ = {isa = PBXBuildFile; fileRef = 9A72FC2B2A4169D4003BEEBB /* Class34TextFields.swift */; };
		9A72FC2E2A41E2DC003BEEBB /* Class35MultilineTextField.swift in Sources */ = {isa = PBXBuildFile; fileRef = 9A72FC2D2A41E2DC003BEEBB /* Class35MultilineTextField.swift */; };
		9A72FC302A41F70B003BEEBB /* Class36Slider.swift in Sources */ = {isa = PBXBuildFile; fileRef = 9A72FC2F2A41F70B003BEEBB /* Class36Slider.swift */; };
		9A72FC322A41FDD9003BEEBB /* Class37TextStyle.swift in Sources */ = {isa = PBXBuildFile; fileRef = 9A72FC312A41FDD9003BEEBB /* Class37TextStyle.swift */; };
		9A72FC342A42048D003BEEBB /* Class38GroupBox.swift in Sources */ = {isa = PBXBuildFile; fileRef = 9A72FC332A42048D003BEEBB /* Class38GroupBox.swift */; };
		9A72FC372A423FAB003BEEBB /* GroupBox+SavedStyle.swift in Sources */ = {isa = PBXBuildFile; fileRef = 9A72FC362A423FAB003BEEBB /* GroupBox+SavedStyle.swift */; };
		9A72FC392A425BC8003BEEBB /* Class39ControlGroup.swift in Sources */ = {isa = PBXBuildFile; fileRef = 9A72FC382A425BC8003BEEBB /* Class39ControlGroup.swift */; };
		9A72FC3C2A425EA1003BEEBB /* ControlGroup+QuantityStyle.swift in Sources */ = {isa = PBXBuildFile; fileRef = 9A72FC3B2A425EA1003BEEBB /* ControlGroup+QuantityStyle.swift */; };
		9A72FC3E2A42609C003BEEBB /* Class40BackVsOverlay.swift in Sources */ = {isa = PBXBuildFile; fileRef = 9A72FC3D2A42609C003BEEBB /* Class40BackVsOverlay.swift */; };
		9A72FC402A441FAA003BEEBB /* Class42SafeArea.swift in Sources */ = {isa = PBXBuildFile; fileRef = 9A72FC3F2A441FAA003BEEBB /* Class42SafeArea.swift */; };
		9A80C9632A4F235B004EC23B /* Class43AsyncImage.swift in Sources */ = {isa = PBXBuildFile; fileRef = 9A80C9622A4F235B004EC23B /* Class43AsyncImage.swift */; };
		9AA182C82A5367C40074CD97 /* Class44PullToRefresh.swift in Sources */ = {isa = PBXBuildFile; fileRef = 9AA182C72A5367C40074CD97 /* Class44PullToRefresh.swift */; };
		9AE958E82A21D5B80012E4C8 /* tunde_class_oneApp.swift in Sources */ = {isa = PBXBuildFile; fileRef = 9AE958E72A21D5B80012E4C8 /* tunde_class_oneApp.swift */; };
		9AE958EA2A21D5B80012E4C8 /* ClassOne.swift in Sources */ = {isa = PBXBuildFile; fileRef = 9AE958E92A21D5B80012E4C8 /* ClassOne.swift */; };
		9AE958EC2A21D5B90012E4C8 /* Assets.xcassets in Resources */ = {isa = PBXBuildFile; fileRef = 9AE958EB2A21D5B90012E4C8 /* Assets.xcassets */; };
		9AE958F02A21D5B90012E4C8 /* Preview Assets.xcassets in Resources */ = {isa = PBXBuildFile; fileRef = 9AE958EF2A21D5B90012E4C8 /* Preview Assets.xcassets */; };
		9AE958F72A21E1C90012E4C8 /* ClassTwo.swift in Sources */ = {isa = PBXBuildFile; fileRef = 9AE958F62A21E1C90012E4C8 /* ClassTwo.swift */; };
		9AE958F92A22205B0012E4C8 /* ClassThree.swift in Sources */ = {isa = PBXBuildFile; fileRef = 9AE958F82A22205B0012E4C8 /* ClassThree.swift */; };
/* End PBXBuildFile section */

/* Begin PBXFileReference section */
		9A0F2B8F2A493837003E35EA /* NumbersList.swift */ = {isa = PBXFileReference; lastKnownFileType = sourcecode.swift; path = NumbersList.swift; sourceTree = "<group>"; };
		9A1F9CEB2A536B3400A9BE7A /* People.swift */ = {isa = PBXFileReference; lastKnownFileType = sourcecode.swift; path = People.swift; sourceTree = "<group>"; };
		9A1F9CF42A53EFFC00A9BE7A /* PeoplesViewModel.swift */ = {isa = PBXFileReference; lastKnownFileType = sourcecode.swift; path = PeoplesViewModel.swift; sourceTree = "<group>"; };
		9A1F9CF62A53F07100A9BE7A /* HintView.swift */ = {isa = PBXFileReference; lastKnownFileType = sourcecode.swift; path = HintView.swift; sourceTree = "<group>"; };
		9A1F9CF82A53F0BC00A9BE7A /* PeopleView.swift */ = {isa = PBXFileReference; lastKnownFileType = sourcecode.swift; path = PeopleView.swift; sourceTree = "<group>"; };
		9A1F9CFA2A54253600A9BE7A /* Class46ForEachWithIdentifiers.swift */ = {isa = PBXFileReference; lastKnownFileType = sourcecode.swift; path = Class46ForEachWithIdentifiers.swift; sourceTree = "<group>"; };
		9A1F9CFD2A542BB400A9BE7A /* PersonForEachView.swift */ = {isa = PBXFileReference; lastKnownFileType = sourcecode.swift; path = PersonForEachView.swift; sourceTree = "<group>"; };
		9A1F9CFF2A54373800A9BE7A /* Class48ScrollViewReader.swift */ = {isa = PBXFileReference; lastKnownFileType = sourcecode.swift; path = Class48ScrollViewReader.swift; sourceTree = "<group>"; };
		9A1F9D012A54710C00A9BE7A /* Class50LazyList.swift */ = {isa = PBXFileReference; lastKnownFileType = sourcecode.swift; path = Class50LazyList.swift; sourceTree = "<group>"; };
		9A2B45E12A39C6EC00123E06 /* Class23OpeningLinks.swift */ = {isa = PBXFileReference; lastKnownFileType = sourcecode.swift; path = Class23OpeningLinks.swift; sourceTree = "<group>"; };
		9A2B45E32A39D3BB00123E06 /* Class24Labels.swift */ = {isa = PBXFileReference; lastKnownFileType = sourcecode.swift; path = Class24Labels.swift; sourceTree = "<group>"; };
		9A2B45E62A39DC1E00123E06 /* Label+CapsuleStyle.swift */ = {isa = PBXFileReference; lastKnownFileType = sourcecode.swift; path = "Label+CapsuleStyle.swift"; sourceTree = "<group>"; };
		9A2B45E82A39E6C400123E06 /* Class25Padding.swift */ = {isa = PBXFileReference; lastKnownFileType = sourcecode.swift; path = Class25Padding.swift; sourceTree = "<group>"; };
		9A2B45EA2A3CAF6F00123E06 /* Class26Spinner.swift */ = {isa = PBXFileReference; lastKnownFileType = sourcecode.swift; path = Class26Spinner.swift; sourceTree = "<group>"; };
		9A2B45ED2A3CC14C00123E06 /* ProgreesView+Rounded.swift */ = {isa = PBXFileReference; lastKnownFileType = sourcecode.swift; path = "ProgreesView+Rounded.swift"; sourceTree = "<group>"; };
		9A2B45EF2A3DE27300123E06 /* Class27ToggleCheckBox.swift */ = {isa = PBXFileReference; lastKnownFileType = sourcecode.swift; path = Class27ToggleCheckBox.swift; sourceTree = "<group>"; };
		9A2E7A222A38C48B00F36DD2 /* Class21Divider.swift */ = {isa = PBXFileReference; lastKnownFileType = sourcecode.swift; path = Class21Divider.swift; sourceTree = "<group>"; };
		9A2E7A242A38C66A00F36DD2 /* Class22ColorPicker.swift */ = {isa = PBXFileReference; lastKnownFileType = sourcecode.swift; path = Class22ColorPicker.swift; sourceTree = "<group>"; };
		9A4374082A3482470065A609 /* PeopleViewModel.swift */ = {isa = PBXFileReference; lastKnownFileType = sourcecode.swift; path = PeopleViewModel.swift; sourceTree = "<group>"; };
		9A43740D2A34BDF90065A609 /* Class17EnviromentObject.swift */ = {isa = PBXFileReference; lastKnownFileType = sourcecode.swift; path = Class17EnviromentObject.swift; sourceTree = "<group>"; };
		9A4374102A34BE350065A609 /* PurchaseView.swift */ = {isa = PBXFileReference; lastKnownFileType = sourcecode.swift; path = PurchaseView.swift; sourceTree = "<group>"; };
		9A4374122A34BF8B0065A609 /* PurchaseStateView.swift */ = {isa = PBXFileReference; lastKnownFileType = sourcecode.swift; path = PurchaseStateView.swift; sourceTree = "<group>"; };
		9A4374162A34C2B00065A609 /* PurchaseViewModel.swift */ = {isa = PBXFileReference; lastKnownFileType = sourcecode.swift; path = PurchaseViewModel.swift; sourceTree = "<group>"; };
		9A4374182A3886530065A609 /* PurchaseStatusView.swift */ = {isa = PBXFileReference; lastKnownFileType = sourcecode.swift; path = PurchaseStatusView.swift; sourceTree = "<group>"; };
		9A43741D2A389A850065A609 /* LoginView.swift */ = {isa = PBXFileReference; lastKnownFileType = sourcecode.swift; path = LoginView.swift; sourceTree = "<group>"; };
		9A43741F2A389BAB0065A609 /* LoggedInView.swift */ = {isa = PBXFileReference; lastKnownFileType = sourcecode.swift; path = LoggedInView.swift; sourceTree = "<group>"; };
		9A4374212A389C450065A609 /* LogInViewModel.swift */ = {isa = PBXFileReference; lastKnownFileType = sourcecode.swift; path = LogInViewModel.swift; sourceTree = "<group>"; };
		9A4374232A38A0CD0065A609 /* Content18.swift */ = {isa = PBXFileReference; lastKnownFileType = sourcecode.swift; path = Content18.swift; sourceTree = "<group>"; };
		9A4FB2632A24D4E8009E0D5E /* ClassFourGradient.swift */ = {isa = PBXFileReference; lastKnownFileType = sourcecode.swift; path = ClassFourGradient.swift; sourceTree = "<group>"; };
		9A4FB2652A24F97C009E0D5E /* ClassFiveShapes.swift */ = {isa = PBXFileReference; lastKnownFileType = sourcecode.swift; path = ClassFiveShapes.swift; sourceTree = "<group>"; };
		9A4FB2672A2500E4009E0D5E /* ClassSixBorder.swift */ = {isa = PBXFileReference; lastKnownFileType = sourcecode.swift; path = ClassSixBorder.swift; sourceTree = "<group>"; };
		9A4FB2692A250407009E0D5E /* ClassSevenOffsetAlignEtc.swift */ = {isa = PBXFileReference; lastKnownFileType = sourcecode.swift; path = ClassSevenOffsetAlignEtc.swift; sourceTree = "<group>"; };
		9A4FB26B2A27B1BE009E0D5E /* ClassEightState.swift */ = {isa = PBXFileReference; lastKnownFileType = sourcecode.swift; path = ClassEightState.swift; sourceTree = "<group>"; };
		9A4FB26D2A28ACF2009E0D5E /* Class15PassingState.swift */ = {isa = PBXFileReference; lastKnownFileType = sourcecode.swift; path = Class15PassingState.swift; sourceTree = "<group>"; };
		9A4FB26F2A28ADDB009E0D5E /* CostomLoadingView.swift */ = {isa = PBXFileReference; lastKnownFileType = sourcecode.swift; path = CostomLoadingView.swift; sourceTree = "<group>"; };
		9A4FB2712A28B047009E0D5E /* Class16Observable.swift */ = {isa = PBXFileReference; lastKnownFileType = sourcecode.swift; path = Class16Observable.swift; sourceTree = "<group>"; };
		9A72FC122A3F6F41003BEEBB /* Toogle+CheckBoxStyle.swift */ = {isa = PBXFileReference; lastKnownFileType = sourcecode.swift; path = "Toogle+CheckBoxStyle.swift"; sourceTree = "<group>"; };
		9A72FC142A3F71E2003BEEBB /* Class28Spacer.swift */ = {isa = PBXFileReference; lastKnownFileType = sourcecode.swift; path = Class28Spacer.swift; sourceTree = "<group>"; };
		9A72FC162A3F74A0003BEEBB /* Class29Stepper.swift */ = {isa = PBXFileReference; lastKnownFileType = sourcecode.swift; path = Class29Stepper.swift; sourceTree = "<group>"; };
		9A72FC182A3FBCD3003BEEBB /* Class30Buttons.swift */ = {isa = PBXFileReference; lastKnownFileType = sourcecode.swift; path = Class30Buttons.swift; sourceTree = "<group>"; };
		9A72FC1A2A408D75003BEEBB /* Button+SendStyle.swift */ = {isa = PBXFileReference; lastKnownFileType = sourcecode.swift; path = "Button+SendStyle.swift"; sourceTree = "<group>"; };
		9A72FC1C2A408FC7003BEEBB /* SendButton.swift */ = {isa = PBXFileReference; lastKnownFileType = sourcecode.swift; path = SendButton.swift; sourceTree = "<group>"; };
		9A72FC1E2A40AD96003BEEBB /* Class31NewButton.swift */ = {isa = PBXFileReference; lastKnownFileType = sourcecode.swift; path = Class31NewButton.swift; sourceTree = "<group>"; };
		9A72FC202A40B8F5003BEEBB /* Class32TabView.swift */ = {isa = PBXFileReference; lastKnownFileType = sourcecode.swift; path = Class32TabView.swift; sourceTree = "<group>"; };
		9A72FC232A40BAD0003BEEBB /* ScreenOne.swift */ = {isa = PBXFileReference; lastKnownFileType = sourcecode.swift; path = ScreenOne.swift; sourceTree = "<group>"; };
		9A72FC252A40BB3A003BEEBB /* ScreenTwo.swift */ = {isa = PBXFileReference; lastKnownFileType = sourcecode.swift; path = ScreenTwo.swift; sourceTree = "<group>"; };
		9A72FC272A4161D6003BEEBB /* Class33DatePicker.swift */ = {isa = PBXFileReference; lastKnownFileType = sourcecode.swift; path = Class33DatePicker.swift; sourceTree = "<group>"; };
		9A72FC2B2A4169D4003BEEBB /* Class34TextFields.swift */ = {isa = PBXFileReference; lastKnownFileType = sourcecode.swift; path = Class34TextFields.swift; sourceTree = "<group>"; };
		9A72FC2D2A41E2DC003BEEBB /* Class35MultilineTextField.swift */ = {isa = PBXFileReference; lastKnownFileType = sourcecode.swift; path = Class35MultilineTextField.swift; sourceTree = "<group>"; };
		9A72FC2F2A41F70B003BEEBB /* Class36Slider.swift */ = {isa = PBXFileReference; lastKnownFileType = sourcecode.swift; path = Class36Slider.swift; sourceTree = "<group>"; };
		9A72FC312A41FDD9003BEEBB /* Class37TextStyle.swift */ = {isa = PBXFileReference; lastKnownFileType = sourcecode.swift; path = Class37TextStyle.swift; sourceTree = "<group>"; };
		9A72FC332A42048D003BEEBB /* Class38GroupBox.swift */ = {isa = PBXFileReference; lastKnownFileType = sourcecode.swift; path = Class38GroupBox.swift; sourceTree = "<group>"; };
		9A72FC362A423FAB003BEEBB /* GroupBox+SavedStyle.swift */ = {isa = PBXFileReference; lastKnownFileType = sourcecode.swift; path = "GroupBox+SavedStyle.swift"; sourceTree = "<group>"; };
		9A72FC382A425BC8003BEEBB /* Class39ControlGroup.swift */ = {isa = PBXFileReference; lastKnownFileType = sourcecode.swift; path = Class39ControlGroup.swift; sourceTree = "<group>"; };
		9A72FC3B2A425EA1003BEEBB /* ControlGroup+QuantityStyle.swift */ = {isa = PBXFileReference; lastKnownFileType = sourcecode.swift; path = "ControlGroup+QuantityStyle.swift"; sourceTree = "<group>"; };
		9A72FC3D2A42609C003BEEBB /* Class40BackVsOverlay.swift */ = {isa = PBXFileReference; lastKnownFileType = sourcecode.swift; path = Class40BackVsOverlay.swift; sourceTree = "<group>"; };
		9A72FC3F2A441FAA003BEEBB /* Class42SafeArea.swift */ = {isa = PBXFileReference; lastKnownFileType = sourcecode.swift; path = Class42SafeArea.swift; sourceTree = "<group>"; };
		9A80C9622A4F235B004EC23B /* Class43AsyncImage.swift */ = {isa = PBXFileReference; lastKnownFileType = sourcecode.swift; path = Class43AsyncImage.swift; sourceTree = "<group>"; };
		9AA182C72A5367C40074CD97 /* Class44PullToRefresh.swift */ = {isa = PBXFileReference; lastKnownFileType = sourcecode.swift; path = Class44PullToRefresh.swift; sourceTree = "<group>"; };
		9AE958E42A21D5B80012E4C8 /* tunde_class_one.app */ = {isa = PBXFileReference; explicitFileType = wrapper.application; includeInIndex = 0; path = tunde_class_one.app; sourceTree = BUILT_PRODUCTS_DIR; };
		9AE958E72A21D5B80012E4C8 /* tunde_class_oneApp.swift */ = {isa = PBXFileReference; lastKnownFileType = sourcecode.swift; path = tunde_class_oneApp.swift; sourceTree = "<group>"; };
		9AE958E92A21D5B80012E4C8 /* ClassOne.swift */ = {isa = PBXFileReference; lastKnownFileType = sourcecode.swift; path = ClassOne.swift; sourceTree = "<group>"; };
		9AE958EB2A21D5B90012E4C8 /* Assets.xcassets */ = {isa = PBXFileReference; lastKnownFileType = folder.assetcatalog; path = Assets.xcassets; sourceTree = "<group>"; };
		9AE958ED2A21D5B90012E4C8 /* tunde_class_one.entitlements */ = {isa = PBXFileReference; lastKnownFileType = text.plist.entitlements; path = tunde_class_one.entitlements; sourceTree = "<group>"; };
		9AE958EF2A21D5B90012E4C8 /* Preview Assets.xcassets */ = {isa = PBXFileReference; lastKnownFileType = folder.assetcatalog; path = "Preview Assets.xcassets"; sourceTree = "<group>"; };
		9AE958F62A21E1C90012E4C8 /* ClassTwo.swift */ = {isa = PBXFileReference; lastKnownFileType = sourcecode.swift; path = ClassTwo.swift; sourceTree = "<group>"; };
		9AE958F82A22205B0012E4C8 /* ClassThree.swift */ = {isa = PBXFileReference; lastKnownFileType = sourcecode.swift; path = ClassThree.swift; sourceTree = "<group>"; };
/* End PBXFileReference section */

/* Begin PBXFrameworksBuildPhase section */
		9AE958E12A21D5B80012E4C8 /* Frameworks */ = {
			isa = PBXFrameworksBuildPhase;
			buildActionMask = 2147483647;
			files = (
			);
			runOnlyForDeploymentPostprocessing = 0;
		};
/* End PBXFrameworksBuildPhase section */

/* Begin PBXGroup section */
		9A0F2B8E2A493815003E35EA /* Class42 */ = {
			isa = PBXGroup;
			children = (
				9A0F2B8F2A493837003E35EA /* NumbersList.swift */,
			);
			path = Class42;
			sourceTree = "<group>";
		};
		9A1F9CE82A536B0B00A9BE7A /* Class44 */ = {
			isa = PBXGroup;
			children = (
				9A1F9CEF2A53ED5000A9BE7A /* Views */,
				9A1F9CEA2A536B1D00A9BE7A /* ViewModel */,
				9A1F9CE92A536B1400A9BE7A /* Model */,
			);
			path = Class44;
			sourceTree = "<group>";
		};
		9A1F9CE92A536B1400A9BE7A /* Model */ = {
			isa = PBXGroup;
			children = (
				9A1F9CEB2A536B3400A9BE7A /* People.swift */,
			);
			path = Model;
			sourceTree = "<group>";
		};
		9A1F9CEA2A536B1D00A9BE7A /* ViewModel */ = {
			isa = PBXGroup;
			children = (
				9A1F9CF42A53EFFC00A9BE7A /* PeoplesViewModel.swift */,
			);
			path = ViewModel;
			sourceTree = "<group>";
		};
		9A1F9CEF2A53ED5000A9BE7A /* Views */ = {
			isa = PBXGroup;
			children = (
				9A1F9CF62A53F07100A9BE7A /* HintView.swift */,
				9A1F9CF82A53F0BC00A9BE7A /* PeopleView.swift */,
			);
			path = Views;
			sourceTree = "<group>";
		};
		9A1F9CFC2A542B9700A9BE7A /* Class46 */ = {
			isa = PBXGroup;
			children = (
				9A1F9CFD2A542BB400A9BE7A /* PersonForEachView.swift */,
			);
			path = Class46;
			sourceTree = "<group>";
		};
		9A2B45E52A39DBDF00123E06 /* Class24Component */ = {
			isa = PBXGroup;
			children = (
				9A2B45E62A39DC1E00123E06 /* Label+CapsuleStyle.swift */,
			);
			path = Class24Component;
			sourceTree = "<group>";
		};
		9A2B45EC2A3CC0E500123E06 /* Class26 */ = {
			isa = PBXGroup;
			children = (
				9A2B45ED2A3CC14C00123E06 /* ProgreesView+Rounded.swift */,
			);
			path = Class26;
			sourceTree = "<group>";
		};
		9A43740A2A34832E0065A609 /* ViewModel */ = {
			isa = PBXGroup;
			children = (
				9A4374082A3482470065A609 /* PeopleViewModel.swift */,
				9A4374162A34C2B00065A609 /* PurchaseViewModel.swift */,
			);
			path = ViewModel;
			sourceTree = "<group>";
		};
		9A43740F2A34BE090065A609 /* Class17 */ = {
			isa = PBXGroup;
			children = (
				9A4374102A34BE350065A609 /* PurchaseView.swift */,
				9A4374122A34BF8B0065A609 /* PurchaseStateView.swift */,
				9A4374182A3886530065A609 /* PurchaseStatusView.swift */,
			);
			path = Class17;
			sourceTree = "<group>";
		};
		9A43741A2A3887D50065A609 /* Class18ObjectState */ = {
			isa = PBXGroup;
			children = (
				9A43741D2A389A850065A609 /* LoginView.swift */,
				9A43741F2A389BAB0065A609 /* LoggedInView.swift */,
				9A4374212A389C450065A609 /* LogInViewModel.swift */,
				9A4374232A38A0CD0065A609 /* Content18.swift */,
			);
			path = Class18ObjectState;
			sourceTree = "<group>";
		};
		9A72FC222A40BABB003BEEBB /* Class32Content */ = {
			isa = PBXGroup;
			children = (
				9A72FC232A40BAD0003BEEBB /* ScreenOne.swift */,
				9A72FC252A40BB3A003BEEBB /* ScreenTwo.swift */,
			);
			path = Class32Content;
			sourceTree = "<group>";
		};
		9A72FC352A423F89003BEEBB /* Class38 */ = {
			isa = PBXGroup;
			children = (
				9A72FC362A423FAB003BEEBB /* GroupBox+SavedStyle.swift */,
			);
			path = Class38;
			sourceTree = "<group>";
		};
		9A72FC3A2A425E86003BEEBB /* Class39 */ = {
			isa = PBXGroup;
			children = (
				9A72FC3B2A425EA1003BEEBB /* ControlGroup+QuantityStyle.swift */,
			);
			path = Class39;
			sourceTree = "<group>";
		};
		9AE958DB2A21D5B80012E4C8 = {
			isa = PBXGroup;
			children = (
				9AE958E62A21D5B80012E4C8 /* tunde_class_one */,
				9AE958E52A21D5B80012E4C8 /* Products */,
			);
			sourceTree = "<group>";
		};
		9AE958E52A21D5B80012E4C8 /* Products */ = {
			isa = PBXGroup;
			children = (
				9AE958E42A21D5B80012E4C8 /* tunde_class_one.app */,
			);
			name = Products;
			sourceTree = "<group>";
		};
		9AE958E62A21D5B80012E4C8 /* tunde_class_one */ = {
			isa = PBXGroup;
			children = (
				9A1F9CFC2A542B9700A9BE7A /* Class46 */,
				9A1F9CE82A536B0B00A9BE7A /* Class44 */,
				9A0F2B8E2A493815003E35EA /* Class42 */,
				9A72FC3A2A425E86003BEEBB /* Class39 */,
				9A72FC352A423F89003BEEBB /* Class38 */,
				9A72FC222A40BABB003BEEBB /* Class32Content */,
				9A2B45EC2A3CC0E500123E06 /* Class26 */,
				9A2B45E52A39DBDF00123E06 /* Class24Component */,
				9A43741A2A3887D50065A609 /* Class18ObjectState */,
				9A43740F2A34BE090065A609 /* Class17 */,
				9A43740A2A34832E0065A609 /* ViewModel */,
				9AE958E72A21D5B80012E4C8 /* tunde_class_oneApp.swift */,
				9AE958E92A21D5B80012E4C8 /* ClassOne.swift */,
				9AE958F62A21E1C90012E4C8 /* ClassTwo.swift */,
				9AE958F82A22205B0012E4C8 /* ClassThree.swift */,
				9A4FB2632A24D4E8009E0D5E /* ClassFourGradient.swift */,
				9A4FB2652A24F97C009E0D5E /* ClassFiveShapes.swift */,
				9A4FB2672A2500E4009E0D5E /* ClassSixBorder.swift */,
				9A4FB2692A250407009E0D5E /* ClassSevenOffsetAlignEtc.swift */,
				9A4FB26B2A27B1BE009E0D5E /* ClassEightState.swift */,
				9A4FB26D2A28ACF2009E0D5E /* Class15PassingState.swift */,
				9A4FB26F2A28ADDB009E0D5E /* CostomLoadingView.swift */,
				9A4FB2712A28B047009E0D5E /* Class16Observable.swift */,
				9A43740D2A34BDF90065A609 /* Class17EnviromentObject.swift */,
				9A2E7A222A38C48B00F36DD2 /* Class21Divider.swift */,
				9A2E7A242A38C66A00F36DD2 /* Class22ColorPicker.swift */,
				9A2B45E12A39C6EC00123E06 /* Class23OpeningLinks.swift */,
				9A2B45E32A39D3BB00123E06 /* Class24Labels.swift */,
				9A2B45E82A39E6C400123E06 /* Class25Padding.swift */,
				9A2B45EA2A3CAF6F00123E06 /* Class26Spinner.swift */,
				9A2B45EF2A3DE27300123E06 /* Class27ToggleCheckBox.swift */,
				9A72FC122A3F6F41003BEEBB /* Toogle+CheckBoxStyle.swift */,
				9A72FC142A3F71E2003BEEBB /* Class28Spacer.swift */,
				9A72FC162A3F74A0003BEEBB /* Class29Stepper.swift */,
				9A72FC182A3FBCD3003BEEBB /* Class30Buttons.swift */,
				9A72FC1A2A408D75003BEEBB /* Button+SendStyle.swift */,
				9A72FC1C2A408FC7003BEEBB /* SendButton.swift */,
				9A72FC1E2A40AD96003BEEBB /* Class31NewButton.swift */,
				9A72FC202A40B8F5003BEEBB /* Class32TabView.swift */,
				9A72FC272A4161D6003BEEBB /* Class33DatePicker.swift */,
				9A72FC2B2A4169D4003BEEBB /* Class34TextFields.swift */,
				9A72FC2D2A41E2DC003BEEBB /* Class35MultilineTextField.swift */,
				9A72FC2F2A41F70B003BEEBB /* Class36Slider.swift */,
				9A72FC312A41FDD9003BEEBB /* Class37TextStyle.swift */,
				9A72FC332A42048D003BEEBB /* Class38GroupBox.swift */,
				9A72FC382A425BC8003BEEBB /* Class39ControlGroup.swift */,
				9A72FC3D2A42609C003BEEBB /* Class40BackVsOverlay.swift */,
				9A72FC3F2A441FAA003BEEBB /* Class42SafeArea.swift */,
				9A80C9622A4F235B004EC23B /* Class43AsyncImage.swift */,
				9AA182C72A5367C40074CD97 /* Class44PullToRefresh.swift */,
				9A1F9CFA2A54253600A9BE7A /* Class46ForEachWithIdentifiers.swift */,
				9A1F9CFF2A54373800A9BE7A /* Class48ScrollViewReader.swift */,
				9AE958EB2A21D5B90012E4C8 /* Assets.xcassets */,
				9AE958ED2A21D5B90012E4C8 /* tunde_class_one.entitlements */,
				9AE958EE2A21D5B90012E4C8 /* Preview Content */,
				9A1F9D012A54710C00A9BE7A /* Class50LazyList.swift */,
			);
			path = tunde_class_one;
			sourceTree = "<group>";
		};
		9AE958EE2A21D5B90012E4C8 /* Preview Content */ = {
			isa = PBXGroup;
			children = (
				9AE958EF2A21D5B90012E4C8 /* Preview Assets.xcassets */,
			);
			path = "Preview Content";
			sourceTree = "<group>";
		};
/* End PBXGroup section */

/* Begin PBXNativeTarget section */
		9AE958E32A21D5B80012E4C8 /* tunde_class_one */ = {
			isa = PBXNativeTarget;
			buildConfigurationList = 9AE958F32A21D5B90012E4C8 /* Build configuration list for PBXNativeTarget "tunde_class_one" */;
			buildPhases = (
				9AE958E02A21D5B80012E4C8 /* Sources */,
				9AE958E12A21D5B80012E4C8 /* Frameworks */,
				9AE958E22A21D5B80012E4C8 /* Resources */,
			);
			buildRules = (
			);
			dependencies = (
			);
			name = tunde_class_one;
			productName = tunde_class_one;
			productReference = 9AE958E42A21D5B80012E4C8 /* tunde_class_one.app */;
			productType = "com.apple.product-type.application";
		};
/* End PBXNativeTarget section */

/* Begin PBXProject section */
		9AE958DC2A21D5B80012E4C8 /* Project object */ = {
			isa = PBXProject;
			attributes = {
				BuildIndependentTargetsInParallel = 1;
				LastSwiftUpdateCheck = 1430;
				LastUpgradeCheck = 1430;
				TargetAttributes = {
					9AE958E32A21D5B80012E4C8 = {
						CreatedOnToolsVersion = 14.3;
					};
				};
			};
			buildConfigurationList = 9AE958DF2A21D5B80012E4C8 /* Build configuration list for PBXProject "tunde_class_one" */;
			compatibilityVersion = "Xcode 14.0";
			developmentRegion = en;
			hasScannedForEncodings = 0;
			knownRegions = (
				en,
				Base,
			);
			mainGroup = 9AE958DB2A21D5B80012E4C8;
			productRefGroup = 9AE958E52A21D5B80012E4C8 /* Products */;
			projectDirPath = "";
			projectRoot = "";
			targets = (
				9AE958E32A21D5B80012E4C8 /* tunde_class_one */,
			);
		};
/* End PBXProject section */

/* Begin PBXResourcesBuildPhase section */
		9AE958E22A21D5B80012E4C8 /* Resources */ = {
			isa = PBXResourcesBuildPhase;
			buildActionMask = 2147483647;
			files = (
				9AE958F02A21D5B90012E4C8 /* Preview Assets.xcassets in Resources */,
				9AE958EC2A21D5B90012E4C8 /* Assets.xcassets in Resources */,
			);
			runOnlyForDeploymentPostprocessing = 0;
		};
/* End PBXResourcesBuildPhase section */

/* Begin PBXSourcesBuildPhase section */
		9AE958E02A21D5B80012E4C8 /* Sources */ = {
			isa = PBXSourcesBuildPhase;
			buildActionMask = 2147483647;
			files = (
				9A4374092A3482470065A609 /* PeopleViewModel.swift in Sources */,
				9A72FC322A41FDD9003BEEBB /* Class37TextStyle.swift in Sources */,
				9A72FC302A41F70B003BEEBB /* Class36Slider.swift in Sources */,
				9A1F9D002A54373800A9BE7A /* Class48ScrollViewReader.swift in Sources */,
				9A4FB26C2A27B1BE009E0D5E /* ClassEightState.swift in Sources */,
				9A80C9632A4F235B004EC23B /* Class43AsyncImage.swift in Sources */,
				9A1F9CF72A53F07100A9BE7A /* HintView.swift in Sources */,
				9A72FC152A3F71E2003BEEBB /* Class28Spacer.swift in Sources */,
				9A72FC132A3F6F41003BEEBB /* Toogle+CheckBoxStyle.swift in Sources */,
				9A4FB2662A24F97C009E0D5E /* ClassFiveShapes.swift in Sources */,
				9A4374112A34BE350065A609 /* PurchaseView.swift in Sources */,
				9A72FC282A4161D6003BEEBB /* Class33DatePicker.swift in Sources */,
				9A72FC192A3FBCD3003BEEBB /* Class30Buttons.swift in Sources */,
				9A72FC2E2A41E2DC003BEEBB /* Class35MultilineTextField.swift in Sources */,
				9A1F9CF52A53EFFC00A9BE7A /* PeoplesViewModel.swift in Sources */,
				9AE958EA2A21D5B80012E4C8 /* ClassOne.swift in Sources */,
				9A72FC402A441FAA003BEEBB /* Class42SafeArea.swift in Sources */,
				9A72FC342A42048D003BEEBB /* Class38GroupBox.swift in Sources */,
				9A4374202A389BAB0065A609 /* LoggedInView.swift in Sources */,
				9A72FC1F2A40AD96003BEEBB /* Class31NewButton.swift in Sources */,
				9A72FC2C2A4169D4003BEEBB /* Class34TextFields.swift in Sources */,
				9A2E7A232A38C48B00F36DD2 /* Class21Divider.swift in Sources */,
				9A4FB2642A24D4E8009E0D5E /* ClassFourGradient.swift in Sources */,
				9A1F9CEC2A536B3400A9BE7A /* People.swift in Sources */,
				9A72FC3C2A425EA1003BEEBB /* ControlGroup+QuantityStyle.swift in Sources */,
				9A72FC242A40BAD0003BEEBB /* ScreenOne.swift in Sources */,
				9A2B45EB2A3CAF6F00123E06 /* Class26Spinner.swift in Sources */,
				9A0F2B902A493837003E35EA /* NumbersList.swift in Sources */,
				9A72FC172A3F74A0003BEEBB /* Class29Stepper.swift in Sources */,
				9A4374222A389C450065A609 /* LogInViewModel.swift in Sources */,
				9A4FB2722A28B047009E0D5E /* Class16Observable.swift in Sources */,
				9A2B45EE2A3CC14C00123E06 /* ProgreesView+Rounded.swift in Sources */,
				9AE958F92A22205B0012E4C8 /* ClassThree.swift in Sources */,
				9A2B45E42A39D3BB00123E06 /* Class24Labels.swift in Sources */,
				9A1F9CF92A53F0BC00A9BE7A /* PeopleView.swift in Sources */,
				9AE958E82A21D5B80012E4C8 /* tunde_class_oneApp.swift in Sources */,
				9A72FC212A40B8F5003BEEBB /* Class32TabView.swift in Sources */,
				9A1F9CFB2A54253600A9BE7A /* Class46ForEachWithIdentifiers.swift in Sources */,
				9A72FC1D2A408FC7003BEEBB /* SendButton.swift in Sources */,
				9A4374132A34BF8B0065A609 /* PurchaseStateView.swift in Sources */,
				9A1F9D022A54710C00A9BE7A /* Class50LazyList.swift in Sources */,
				9A4FB2682A2500E4009E0D5E /* ClassSixBorder.swift in Sources */,
				9A2B45E92A39E6C400123E06 /* Class25Padding.swift in Sources */,
				9A72FC392A425BC8003BEEBB /* Class39ControlGroup.swift in Sources */,
				9A72FC3E2A42609C003BEEBB /* Class40BackVsOverlay.swift in Sources */,
				9A4374172A34C2B00065A609 /* PurchaseViewModel.swift in Sources */,
				9A4FB26A2A250407009E0D5E /* ClassSevenOffsetAlignEtc.swift in Sources */,
				9A4374192A3886530065A609 /* PurchaseStatusView.swift in Sources */,
				9A4FB26E2A28ACF2009E0D5E /* Class15PassingState.swift in Sources */,
				9A2E7A252A38C66A00F36DD2 /* Class22ColorPicker.swift in Sources */,
				9A4FB2702A28ADDB009E0D5E /* CostomLoadingView.swift in Sources */,
				9A72FC262A40BB3A003BEEBB /* ScreenTwo.swift in Sources */,
				9A43741E2A389A860065A609 /* LoginView.swift in Sources */,
				9A43740E2A34BDF90065A609 /* Class17EnviromentObject.swift in Sources */,
				9A72FC372A423FAB003BEEBB /* GroupBox+SavedStyle.swift in Sources */,
				9AA182C82A5367C40074CD97 /* Class44PullToRefresh.swift in Sources */,
				9A4374242A38A0CD0065A609 /* Content18.swift in Sources */,
				9A1F9CFE2A542BB400A9BE7A /* PersonForEachView.swift in Sources */,
				9A2B45E72A39DC1E00123E06 /* Label+CapsuleStyle.swift in Sources */,
				9AE958F72A21E1C90012E4C8 /* ClassTwo.swift in Sources */,
				9A2B45F02A3DE27300123E06 /* Class27ToggleCheckBox.swift in Sources */,
				9A2B45E22A39C6EC00123E06 /* Class23OpeningLinks.swift in Sources */,
				9A72FC1B2A408D75003BEEBB /* Button+SendStyle.swift in Sources */,
			);
			runOnlyForDeploymentPostprocessing = 0;
		};
/* End PBXSourcesBuildPhase section */

/* Begin XCBuildConfiguration section */
		9AE958F12A21D5B90012E4C8 /* Debug */ = {
			isa = XCBuildConfiguration;
			buildSettings = {
				ALWAYS_SEARCH_USER_PATHS = NO;
				CLANG_ANALYZER_NONNULL = YES;
				CLANG_ANALYZER_NUMBER_OBJECT_CONVERSION = YES_AGGRESSIVE;
				CLANG_CXX_LANGUAGE_STANDARD = "gnu++20";
				CLANG_ENABLE_MODULES = YES;
				CLANG_ENABLE_OBJC_ARC = YES;
				CLANG_ENABLE_OBJC_WEAK = YES;
				CLANG_WARN_BLOCK_CAPTURE_AUTORELEASING = YES;
				CLANG_WARN_BOOL_CONVERSION = YES;
				CLANG_WARN_COMMA = YES;
				CLANG_WARN_CONSTANT_CONVERSION = YES;
				CLANG_WARN_DEPRECATED_OBJC_IMPLEMENTATIONS = YES;
				CLANG_WARN_DIRECT_OBJC_ISA_USAGE = YES_ERROR;
				CLANG_WARN_DOCUMENTATION_COMMENTS = YES;
				CLANG_WARN_EMPTY_BODY = YES;
				CLANG_WARN_ENUM_CONVERSION = YES;
				CLANG_WARN_INFINITE_RECURSION = YES;
				CLANG_WARN_INT_CONVERSION = YES;
				CLANG_WARN_NON_LITERAL_NULL_CONVERSION = YES;
				CLANG_WARN_OBJC_IMPLICIT_RETAIN_SELF = YES;
				CLANG_WARN_OBJC_LITERAL_CONVERSION = YES;
				CLANG_WARN_OBJC_ROOT_CLASS = YES_ERROR;
				CLANG_WARN_QUOTED_INCLUDE_IN_FRAMEWORK_HEADER = YES;
				CLANG_WARN_RANGE_LOOP_ANALYSIS = YES;
				CLANG_WARN_STRICT_PROTOTYPES = YES;
				CLANG_WARN_SUSPICIOUS_MOVE = YES;
				CLANG_WARN_UNGUARDED_AVAILABILITY = YES_AGGRESSIVE;
				CLANG_WARN_UNREACHABLE_CODE = YES;
				CLANG_WARN__DUPLICATE_METHOD_MATCH = YES;
				COPY_PHASE_STRIP = NO;
				DEBUG_INFORMATION_FORMAT = dwarf;
				ENABLE_STRICT_OBJC_MSGSEND = YES;
				ENABLE_TESTABILITY = YES;
				GCC_C_LANGUAGE_STANDARD = gnu11;
				GCC_DYNAMIC_NO_PIC = NO;
				GCC_NO_COMMON_BLOCKS = YES;
				GCC_OPTIMIZATION_LEVEL = 0;
				GCC_PREPROCESSOR_DEFINITIONS = (
					"DEBUG=1",
					"$(inherited)",
				);
				GCC_WARN_64_TO_32_BIT_CONVERSION = YES;
				GCC_WARN_ABOUT_RETURN_TYPE = YES_ERROR;
				GCC_WARN_UNDECLARED_SELECTOR = YES;
				GCC_WARN_UNINITIALIZED_AUTOS = YES_AGGRESSIVE;
				GCC_WARN_UNUSED_FUNCTION = YES;
				GCC_WARN_UNUSED_VARIABLE = YES;
				MTL_ENABLE_DEBUG_INFO = INCLUDE_SOURCE;
				MTL_FAST_MATH = YES;
				ONLY_ACTIVE_ARCH = YES;
				SWIFT_ACTIVE_COMPILATION_CONDITIONS = DEBUG;
				SWIFT_OPTIMIZATION_LEVEL = "-Onone";
			};
			name = Debug;
		};
		9AE958F22A21D5B90012E4C8 /* Release */ = {
			isa = XCBuildConfiguration;
			buildSettings = {
				ALWAYS_SEARCH_USER_PATHS = NO;
				CLANG_ANALYZER_NONNULL = YES;
				CLANG_ANALYZER_NUMBER_OBJECT_CONVERSION = YES_AGGRESSIVE;
				CLANG_CXX_LANGUAGE_STANDARD = "gnu++20";
				CLANG_ENABLE_MODULES = YES;
				CLANG_ENABLE_OBJC_ARC = YES;
				CLANG_ENABLE_OBJC_WEAK = YES;
				CLANG_WARN_BLOCK_CAPTURE_AUTORELEASING = YES;
				CLANG_WARN_BOOL_CONVERSION = YES;
				CLANG_WARN_COMMA = YES;
				CLANG_WARN_CONSTANT_CONVERSION = YES;
				CLANG_WARN_DEPRECATED_OBJC_IMPLEMENTATIONS = YES;
				CLANG_WARN_DIRECT_OBJC_ISA_USAGE = YES_ERROR;
				CLANG_WARN_DOCUMENTATION_COMMENTS = YES;
				CLANG_WARN_EMPTY_BODY = YES;
				CLANG_WARN_ENUM_CONVERSION = YES;
				CLANG_WARN_INFINITE_RECURSION = YES;
				CLANG_WARN_INT_CONVERSION = YES;
				CLANG_WARN_NON_LITERAL_NULL_CONVERSION = YES;
				CLANG_WARN_OBJC_IMPLICIT_RETAIN_SELF = YES;
				CLANG_WARN_OBJC_LITERAL_CONVERSION = YES;
				CLANG_WARN_OBJC_ROOT_CLASS = YES_ERROR;
				CLANG_WARN_QUOTED_INCLUDE_IN_FRAMEWORK_HEADER = YES;
				CLANG_WARN_RANGE_LOOP_ANALYSIS = YES;
				CLANG_WARN_STRICT_PROTOTYPES = YES;
				CLANG_WARN_SUSPICIOUS_MOVE = YES;
				CLANG_WARN_UNGUARDED_AVAILABILITY = YES_AGGRESSIVE;
				CLANG_WARN_UNREACHABLE_CODE = YES;
				CLANG_WARN__DUPLICATE_METHOD_MATCH = YES;
				COPY_PHASE_STRIP = NO;
				DEBUG_INFORMATION_FORMAT = "dwarf-with-dsym";
				ENABLE_NS_ASSERTIONS = NO;
				ENABLE_STRICT_OBJC_MSGSEND = YES;
				GCC_C_LANGUAGE_STANDARD = gnu11;
				GCC_NO_COMMON_BLOCKS = YES;
				GCC_WARN_64_TO_32_BIT_CONVERSION = YES;
				GCC_WARN_ABOUT_RETURN_TYPE = YES_ERROR;
				GCC_WARN_UNDECLARED_SELECTOR = YES;
				GCC_WARN_UNINITIALIZED_AUTOS = YES_AGGRESSIVE;
				GCC_WARN_UNUSED_FUNCTION = YES;
				GCC_WARN_UNUSED_VARIABLE = YES;
				MTL_ENABLE_DEBUG_INFO = NO;
				MTL_FAST_MATH = YES;
				SWIFT_COMPILATION_MODE = wholemodule;
				SWIFT_OPTIMIZATION_LEVEL = "-O";
			};
			name = Release;
		};
		9AE958F42A21D5B90012E4C8 /* Debug */ = {
			isa = XCBuildConfiguration;
			buildSettings = {
				ASSETCATALOG_COMPILER_APPICON_NAME = AppIcon;
				ASSETCATALOG_COMPILER_GLOBAL_ACCENT_COLOR_NAME = AccentColor;
				CODE_SIGN_ENTITLEMENTS = tunde_class_one/tunde_class_one.entitlements;
				CODE_SIGN_STYLE = Automatic;
				CURRENT_PROJECT_VERSION = 1;
				DEVELOPMENT_ASSET_PATHS = "\"tunde_class_one/Preview Content\"";
				ENABLE_PREVIEWS = YES;
				GENERATE_INFOPLIST_FILE = YES;
				"INFOPLIST_KEY_UIApplicationSceneManifest_Generation[sdk=iphoneos*]" = YES;
				"INFOPLIST_KEY_UIApplicationSceneManifest_Generation[sdk=iphonesimulator*]" = YES;
				"INFOPLIST_KEY_UIApplicationSupportsIndirectInputEvents[sdk=iphoneos*]" = YES;
				"INFOPLIST_KEY_UIApplicationSupportsIndirectInputEvents[sdk=iphonesimulator*]" = YES;
				"INFOPLIST_KEY_UILaunchScreen_Generation[sdk=iphoneos*]" = YES;
				"INFOPLIST_KEY_UILaunchScreen_Generation[sdk=iphonesimulator*]" = YES;
				"INFOPLIST_KEY_UIStatusBarStyle[sdk=iphoneos*]" = UIStatusBarStyleDefault;
				"INFOPLIST_KEY_UIStatusBarStyle[sdk=iphonesimulator*]" = UIStatusBarStyleDefault;
				INFOPLIST_KEY_UISupportedInterfaceOrientations_iPad = "UIInterfaceOrientationPortrait UIInterfaceOrientationPortraitUpsideDown UIInterfaceOrientationLandscapeLeft UIInterfaceOrientationLandscapeRight";
				INFOPLIST_KEY_UISupportedInterfaceOrientations_iPhone = "UIInterfaceOrientationPortrait UIInterfaceOrientationLandscapeLeft UIInterfaceOrientationLandscapeRight";
				IPHONEOS_DEPLOYMENT_TARGET = 16.4;
				LD_RUNPATH_SEARCH_PATHS = "@executable_path/Frameworks";
				"LD_RUNPATH_SEARCH_PATHS[sdk=macosx*]" = "@executable_path/../Frameworks";
				MACOSX_DEPLOYMENT_TARGET = 13.2;
				MARKETING_VERSION = 1.0;
				PRODUCT_BUNDLE_IDENTIFIER = "io.king.tunde-class-one";
				PRODUCT_NAME = "$(TARGET_NAME)";
				SDKROOT = auto;
				SUPPORTED_PLATFORMS = "iphoneos iphonesimulator macosx";
				SWIFT_EMIT_LOC_STRINGS = YES;
				SWIFT_VERSION = 5.0;
				TARGETED_DEVICE_FAMILY = "1,2";
			};
			name = Debug;
		};
		9AE958F52A21D5B90012E4C8 /* Release */ = {
			isa = XCBuildConfiguration;
			buildSettings = {
				ASSETCATALOG_COMPILER_APPICON_NAME = AppIcon;
				ASSETCATALOG_COMPILER_GLOBAL_ACCENT_COLOR_NAME = AccentColor;
				CODE_SIGN_ENTITLEMENTS = tunde_class_one/tunde_class_one.entitlements;
				CODE_SIGN_STYLE = Automatic;
				CURRENT_PROJECT_VERSION = 1;
				DEVELOPMENT_ASSET_PATHS = "\"tunde_class_one/Preview Content\"";
				ENABLE_PREVIEWS = YES;
				GENERATE_INFOPLIST_FILE = YES;
				"INFOPLIST_KEY_UIApplicationSceneManifest_Generation[sdk=iphoneos*]" = YES;
				"INFOPLIST_KEY_UIApplicationSceneManifest_Generation[sdk=iphonesimulator*]" = YES;
				"INFOPLIST_KEY_UIApplicationSupportsIndirectInputEvents[sdk=iphoneos*]" = YES;
				"INFOPLIST_KEY_UIApplicationSupportsIndirectInputEvents[sdk=iphonesimulator*]" = YES;
				"INFOPLIST_KEY_UILaunchScreen_Generation[sdk=iphoneos*]" = YES;
				"INFOPLIST_KEY_UILaunchScreen_Generation[sdk=iphonesimulator*]" = YES;
				"INFOPLIST_KEY_UIStatusBarStyle[sdk=iphoneos*]" = UIStatusBarStyleDefault;
				"INFOPLIST_KEY_UIStatusBarStyle[sdk=iphonesimulator*]" = UIStatusBarStyleDefault;
				INFOPLIST_KEY_UISupportedInterfaceOrientations_iPad = "UIInterfaceOrientationPortrait UIInterfaceOrientationPortraitUpsideDown UIInterfaceOrientationLandscapeLeft UIInterfaceOrientationLandscapeRight";
				INFOPLIST_KEY_UISupportedInterfaceOrientations_iPhone = "UIInterfaceOrientationPortrait UIInterfaceOrientationLandscapeLeft UIInterfaceOrientationLandscapeRight";
				IPHONEOS_DEPLOYMENT_TARGET = 16.4;
				LD_RUNPATH_SEARCH_PATHS = "@executable_path/Frameworks";
				"LD_RUNPATH_SEARCH_PATHS[sdk=macosx*]" = "@executable_path/../Frameworks";
				MACOSX_DEPLOYMENT_TARGET = 13.2;
				MARKETING_VERSION = 1.0;
				PRODUCT_BUNDLE_IDENTIFIER = "io.king.tunde-class-one";
				PRODUCT_NAME = "$(TARGET_NAME)";
				SDKROOT = auto;
				SUPPORTED_PLATFORMS = "iphoneos iphonesimulator macosx";
				SWIFT_EMIT_LOC_STRINGS = YES;
				SWIFT_VERSION = 5.0;
				TARGETED_DEVICE_FAMILY = "1,2";
			};
			name = Release;
		};
/* End XCBuildConfiguration section */

/* Begin XCConfigurationList section */
		9AE958DF2A21D5B80012E4C8 /* Build configuration list for PBXProject "tunde_class_one" */ = {
			isa = XCConfigurationList;
			buildConfigurations = (
				9AE958F12A21D5B90012E4C8 /* Debug */,
				9AE958F22A21D5B90012E4C8 /* Release */,
			);
			defaultConfigurationIsVisible = 0;
			defaultConfigurationName = Release;
		};
		9AE958F32A21D5B90012E4C8 /* Build configuration list for PBXNativeTarget "tunde_class_one" */ = {
			isa = XCConfigurationList;
			buildConfigurations = (
				9AE958F42A21D5B90012E4C8 /* Debug */,
				9AE958F52A21D5B90012E4C8 /* Release */,
			);
			defaultConfigurationIsVisible = 0;
			defaultConfigurationName = Release;
		};
/* End XCConfigurationList section */
	};
	rootObject = 9AE958DC2A21D5B80012E4C8 /* Project object */;
}
